
Microsoft Visual Studio Solution File, Format Version 12.00
# Visual Studio Version 16
VisualStudioVersion = 16.0.31402.337
MinimumVisualStudioVersion = 10.0.40219.1
Project("{FAE04EC0-301F-11D3-BF4B-00C04F79EFBC}") = "Exam.Api", "Exam.Api.csproj", "{903DF3A8-BB95-4703-A029-6FE88E1E1AA8}"
EndProject
Project("{FAE04EC0-301F-11D3-BF4B-00C04F79EFBC}") = "Exam.Repository", "..\Exam.Repository\Exam.Repository.csproj", "{0C228CB4-4FA4-49EB-B299-DA33CD83CEF9}"
EndProject
Project("{FAE04EC0-301F-11D3-BF4B-00C04F79EFBC}") = "Exam.Service", "..\Exam.Service\Exam.Service.csproj", "{68D16980-CD64-4BEA-8665-4298FF6B471C}"
EndProject
Project("{FAE04EC0-301F-11D3-BF4B-00C04F79EFBC}") = "Exam.UnitTest", "..\Exam.UnitTest\Exam.UnitTest.csproj", "{5DFB82CD-8F7D-4A7B-8F30-AB5CA44F32AA}"
EndProject
Global
	GlobalSection(SolutionConfigurationPlatforms) = preSolution
		Debug|Any CPU = Debug|Any CPU
		Release|Any CPU = Release|Any CPU
	EndGlobalSection
	GlobalSection(ProjectConfigurationPlatforms) = postSolution
		{903DF3A8-BB95-4703-A029-6FE88E1E1AA8}.Debug|Any CPU.ActiveCfg = Debug|Any CPU
		{903DF3A8-BB95-4703-A029-6FE88E1E1AA8}.Debug|Any CPU.Build.0 = Debug|Any CPU
		{903DF3A8-BB95-4703-A029-6FE88E1E1AA8}.Release|Any CPU.ActiveCfg = Release|Any CPU
		{903DF3A8-BB95-4703-A029-6FE88E1E1AA8}.Release|Any CPU.Build.0 = Release|Any CPU
		{0C228CB4-4FA4-49EB-B299-DA33CD83CEF9}.Debug|Any CPU.ActiveCfg = Debug|Any CPU
		{0C228CB4-4FA4-49EB-B299-DA33CD83CEF9}.Debug|Any CPU.Build.0 = Debug|Any CPU
		{0C228CB4-4FA4-49EB-B299-DA33CD83CEF9}.Release|Any CPU.ActiveCfg = Release|Any CPU
		{0C228CB4-4FA4-49EB-B299-DA33CD83CEF9}.Release|Any CPU.Build.0 = Release|Any CPU
		{68D16980-CD64-4BEA-8665-4298FF6B471C}.Debug|Any CPU.ActiveCfg = Debug|Any CPU
		{68D16980-CD64-4BEA-8665-4298FF6B471C}.Debug|Any CPU.Build.0 = Debug|Any CPU
		{68D16980-CD64-4BEA-8665-4298FF6B471C}.Release|Any CPU.ActiveCfg = Release|Any CPU
		{68D16980-CD64-4BEA-8665-4298FF6B471C}.Release|Any CPU.Build.0 = Release|Any CPU
		{5DFB82CD-8F7D-4A7B-8F30-AB5CA44F32AA}.Debug|Any CPU.ActiveCfg = Debug|Any CPU
		{5DFB82CD-8F7D-4A7B-8F30-AB5CA44F32AA}.Debug|Any CPU.Build.0 = Debug|Any CPU
		{5DFB82CD-8F7D-4A7B-8F30-AB5CA44F32AA}.Release|Any CPU.ActiveCfg = Release|Any CPU
		{5DFB82CD-8F7D-4A7B-8F30-AB5CA44F32AA}.Release|Any CPU.Build.0 = Release|Any CPU
	EndGlobalSection
	GlobalSection(SolutionProperties) = preSolution
		HideSolutionNode = FALSE
	EndGlobalSection
	GlobalSection(ExtensibilityGlobals) = postSolution
		SolutionGuid = {6C956A1A-4B2B-4DE9-9FE0-28696504F878}
	EndGlobalSection
EndGlobal
